// !$*UTF8*$!
{
	archiveVersion = 1;
	classes = {
	};
	objectVersion = 46;
	objects = {

/* Begin PBXBuildFile section */
		1D3623260D0F684500981E51 /* iRoseTimeAppDelegate.m in Sources */ = {isa = PBXBuildFile; fileRef = 1D3623250D0F684500981E51 /* iRoseTimeAppDelegate.m */; };
		1D60589B0D05DD56006BFB54 /* main.m in Sources */ = {isa = PBXBuildFile; fileRef = 29B97316FDCFA39411CA2CEA /* main.m */; };
		28216C970DB411BC00E5133A /* TimeViewController.m in Sources */ = {isa = PBXBuildFile; fileRef = 28216C960DB411BC00E5133A /* TimeViewController.m */; };
		282CCBFE0DB6C98000C4EA27 /* SettingsView.xib in Resources */ = {isa = PBXBuildFile; fileRef = 282CCBFD0DB6C98000C4EA27 /* SettingsView.xib */; };
		2840D7CE1179279E00D7F93C /* TimeView.xib in Resources */ = {isa = PBXBuildFile; fileRef = 2840D7CD1179279E00D7F93C /* TimeView.xib */; };
		28AD73880D9D96C1002E5188 /* MainWindow.xib in Resources */ = {isa = PBXBuildFile; fileRef = 28AD73870D9D96C1002E5188 /* MainWindow.xib */; };
		F7189D0B149856A200647DCB /* AboutViewController.m in Sources */ = {isa = PBXBuildFile; fileRef = F7189D09149856A200647DCB /* AboutViewController.m */; };
		F7189D0C149856A200647DCB /* AboutView.xib in Resources */ = {isa = PBXBuildFile; fileRef = F7189D0A149856A200647DCB /* AboutView.xib */; };
		F71A7324129F2B3000611CA5 /* SettingsViewController.m in Sources */ = {isa = PBXBuildFile; fileRef = F71A7323129F2B3000611CA5 /* SettingsViewController.m */; };
		F74117A1129DBF4300A61436 /* CoreGraphics.framework in Frameworks */ = {isa = PBXBuildFile; fileRef = F74117A0129DBF4300A61436 /* CoreGraphics.framework */; };
		F74117A3129DBF4300A61436 /* Foundation.framework in Frameworks */ = {isa = PBXBuildFile; fileRef = F74117A2129DBF4300A61436 /* Foundation.framework */; };
		F74117A5129DBF4300A61436 /* UIKit.framework in Frameworks */ = {isa = PBXBuildFile; fileRef = F74117A4129DBF4300A61436 /* UIKit.framework */; };
		F7607CE71343C2C600212965 /* periodRuler_iPhone.png in Resources */ = {isa = PBXBuildFile; fileRef = F7607CE51343C2C600212965 /* periodRuler_iPhone.png */; };
		F7607CE81343C2C600212965 /* timeRuler_iPhone.png in Resources */ = {isa = PBXBuildFile; fileRef = F7607CE61343C2C600212965 /* timeRuler_iPhone.png */; };
		F7BE055A14BD478B00FAAC52 /* InfoTabbarIcon.png in Resources */ = {isa = PBXBuildFile; fileRef = F7BE055914BD478B00FAAC52 /* InfoTabbarIcon.png */; };
		F7E20A14147CC49600488E4F /* reticule_iPhone.png in Resources */ = {isa = PBXBuildFile; fileRef = F7E20A13147CC49600488E4F /* reticule_iPhone.png */; };
		F7ED85F7129D83CB00CBD5F5 /* Millenium_Flame.jpg in Resources */ = {isa = PBXBuildFile; fileRef = F7ED85F3129D83CB00CBD5F5 /* Millenium_Flame.jpg */; };
		F7ED8602129D843300CBD5F5 /* RoseTime.m in Sources */ = {isa = PBXBuildFile; fileRef = F7ED85FD129D843300CBD5F5 /* RoseTime.m */; };
		F7ED8603129D843300CBD5F5 /* RTTimeSource.m in Sources */ = {isa = PBXBuildFile; fileRef = F7ED85FF129D843300CBD5F5 /* RTTimeSource.m */; };
		F7ED861A129D876D00CBD5F5 /* RoseTime.m in Sources */ = {isa = PBXBuildFile; fileRef = F7ED85FD129D843300CBD5F5 /* RoseTime.m */; };
		F7ED861B129D876E00CBD5F5 /* RoseTimeTests.m in Sources */ = {isa = PBXBuildFile; fileRef = F7ED8601129D843300CBD5F5 /* RoseTimeTests.m */; };
		F7ED861C129D876F00CBD5F5 /* RTTimeSource.m in Sources */ = {isa = PBXBuildFile; fileRef = F7ED85FF129D843300CBD5F5 /* RTTimeSource.m */; };
		F7ED863D129D8A8F00CBD5F5 /* RoseNewRed.png in Resources */ = {isa = PBXBuildFile; fileRef = F7ED863C129D8A8F00CBD5F5 /* RoseNewRed.png */; };
		F7ED863F129D8B8500CBD5F5 /* RoseKnockout.png in Resources */ = {isa = PBXBuildFile; fileRef = F7ED863E129D8B8500CBD5F5 /* RoseKnockout.png */; };
/* End PBXBuildFile section */

/* Begin PBXContainerItemProxy section */
		F7ED8618129D872D00CBD5F5 /* PBXContainerItemProxy */ = {
			isa = PBXContainerItemProxy;
			containerPortal = 29B97313FDCFA39411CA2CEA /* Project object */;
			proxyType = 1;
			remoteGlobalIDString = 1D6058900D05DD3D006BFB54;
			remoteInfo = iRoseTime;
		};
/* End PBXContainerItemProxy section */

/* Begin PBXFileReference section */
		1D3623240D0F684500981E51 /* iRoseTimeAppDelegate.h */ = {isa = PBXFileReference; fileEncoding = 4; lastKnownFileType = sourcecode.c.h; path = iRoseTimeAppDelegate.h; sourceTree = "<group>"; };
		1D3623250D0F684500981E51 /* iRoseTimeAppDelegate.m */ = {isa = PBXFileReference; fileEncoding = 4; lastKnownFileType = sourcecode.c.objc; path = iRoseTimeAppDelegate.m; sourceTree = "<group>"; };
		1D6058910D05DD3D006BFB54 /* iRoseTime.app */ = {isa = PBXFileReference; explicitFileType = wrapper.application; includeInIndex = 0; path = iRoseTime.app; sourceTree = BUILT_PRODUCTS_DIR; };
		28216C950DB411BC00E5133A /* TimeViewController.h */ = {isa = PBXFileReference; fileEncoding = 4; lastKnownFileType = sourcecode.c.h; path = TimeViewController.h; sourceTree = "<group>"; };
		28216C960DB411BC00E5133A /* TimeViewController.m */ = {isa = PBXFileReference; fileEncoding = 4; lastKnownFileType = sourcecode.c.objc; path = TimeViewController.m; sourceTree = "<group>"; };
		282CCBFD0DB6C98000C4EA27 /* SettingsView.xib */ = {isa = PBXFileReference; lastKnownFileType = file.xib; path = SettingsView.xib; sourceTree = "<group>"; };
		2840D7CD1179279E00D7F93C /* TimeView.xib */ = {isa = PBXFileReference; lastKnownFileType = file.xib; path = TimeView.xib; sourceTree = "<group>"; };
		28A0AB4B0D9B1048005BE974 /* iRoseTime_Prefix.pch */ = {isa = PBXFileReference; fileEncoding = 4; lastKnownFileType = sourcecode.c.h; path = iRoseTime_Prefix.pch; sourceTree = "<group>"; };
		28AD73870D9D96C1002E5188 /* MainWindow.xib */ = {isa = PBXFileReference; lastKnownFileType = file.xib; path = MainWindow.xib; sourceTree = "<group>"; };
		29B97316FDCFA39411CA2CEA /* main.m */ = {isa = PBXFileReference; fileEncoding = 4; lastKnownFileType = sourcecode.c.objc; path = main.m; sourceTree = "<group>"; };
		8D1107310486CEB800E47090 /* iRoseTime-Info.plist */ = {isa = PBXFileReference; fileEncoding = 4; lastKnownFileType = text.plist.xml; path = "iRoseTime-Info.plist"; plistStructureDefinitionIdentifier = "com.apple.xcode.plist.structure-definition.iphone.info-plist"; sourceTree = "<group>"; };
		F7189D08149856A200647DCB /* AboutViewController.h */ = {isa = PBXFileReference; fileEncoding = 4; lastKnownFileType = sourcecode.c.h; path = AboutViewController.h; sourceTree = "<group>"; };
		F7189D09149856A200647DCB /* AboutViewController.m */ = {isa = PBXFileReference; fileEncoding = 4; lastKnownFileType = sourcecode.c.objc; path = AboutViewController.m; sourceTree = "<group>"; };
		F7189D0A149856A200647DCB /* AboutView.xib */ = {isa = PBXFileReference; fileEncoding = 4; lastKnownFileType = file.xib; name = AboutView.xib; path = Classes/AboutView.xib; sourceTree = "<group>"; };
		F71A7322129F2B3000611CA5 /* SettingsViewController.h */ = {isa = PBXFileReference; fileEncoding = 4; lastKnownFileType = sourcecode.c.h; path = SettingsViewController.h; sourceTree = "<group>"; };
		F71A7323129F2B3000611CA5 /* SettingsViewController.m */ = {isa = PBXFileReference; fileEncoding = 4; lastKnownFileType = sourcecode.c.objc; path = SettingsViewController.m; sourceTree = "<group>"; };
		F74117A0129DBF4300A61436 /* CoreGraphics.framework */ = {isa = PBXFileReference; lastKnownFileType = wrapper.framework; name = CoreGraphics.framework; path = System/Library/Frameworks/CoreGraphics.framework; sourceTree = SDKROOT; };
		F74117A2129DBF4300A61436 /* Foundation.framework */ = {isa = PBXFileReference; lastKnownFileType = wrapper.framework; name = Foundation.framework; path = System/Library/Frameworks/Foundation.framework; sourceTree = SDKROOT; };
		F74117A4129DBF4300A61436 /* UIKit.framework */ = {isa = PBXFileReference; lastKnownFileType = wrapper.framework; name = UIKit.framework; path = System/Library/Frameworks/UIKit.framework; sourceTree = SDKROOT; };
		F7607CE51343C2C600212965 /* periodRuler_iPhone.png */ = {isa = PBXFileReference; lastKnownFileType = image.png; path = periodRuler_iPhone.png; sourceTree = "<group>"; };
		F7607CE61343C2C600212965 /* timeRuler_iPhone.png */ = {isa = PBXFileReference; lastKnownFileType = image.png; path = timeRuler_iPhone.png; sourceTree = "<group>"; };
		F7BE055914BD478B00FAAC52 /* InfoTabbarIcon.png */ = {isa = PBXFileReference; lastKnownFileType = image.png; path = InfoTabbarIcon.png; sourceTree = "<group>"; };
		F7E20A13147CC49600488E4F /* reticule_iPhone.png */ = {isa = PBXFileReference; lastKnownFileType = image.png; path = reticule_iPhone.png; sourceTree = "<group>"; };
		F7ED85F3129D83CB00CBD5F5 /* Millenium_Flame.jpg */ = {isa = PBXFileReference; lastKnownFileType = image.jpeg; path = Millenium_Flame.jpg; sourceTree = "<group>"; };
		F7ED85FC129D843300CBD5F5 /* RoseTime.h */ = {isa = PBXFileReference; fileEncoding = 4; lastKnownFileType = sourcecode.c.h; path = RoseTime.h; sourceTree = "<group>"; };
		F7ED85FD129D843300CBD5F5 /* RoseTime.m */ = {isa = PBXFileReference; fileEncoding = 4; lastKnownFileType = sourcecode.c.objc; path = RoseTime.m; sourceTree = "<group>"; };
		F7ED85FE129D843300CBD5F5 /* RTTimeSource.h */ = {isa = PBXFileReference; fileEncoding = 4; lastKnownFileType = sourcecode.c.h; path = RTTimeSource.h; sourceTree = "<group>"; };
		F7ED85FF129D843300CBD5F5 /* RTTimeSource.m */ = {isa = PBXFileReference; fileEncoding = 4; lastKnownFileType = sourcecode.c.objc; path = RTTimeSource.m; sourceTree = "<group>"; };
		F7ED8600129D843300CBD5F5 /* RoseTimeTests.h */ = {isa = PBXFileReference; fileEncoding = 4; lastKnownFileType = sourcecode.c.h; path = RoseTimeTests.h; sourceTree = "<group>"; };
		F7ED8601129D843300CBD5F5 /* RoseTimeTests.m */ = {isa = PBXFileReference; fileEncoding = 4; lastKnownFileType = sourcecode.c.objc; path = RoseTimeTests.m; sourceTree = "<group>"; };
		F7ED8613129D86F500CBD5F5 /* UnitTests.octest */ = {isa = PBXFileReference; explicitFileType = wrapper.cfbundle; includeInIndex = 0; path = UnitTests.octest; sourceTree = BUILT_PRODUCTS_DIR; };
		F7ED8614129D86F500CBD5F5 /* UnitTests-Info.plist */ = {isa = PBXFileReference; lastKnownFileType = text.plist.xml; path = "UnitTests-Info.plist"; sourceTree = "<group>"; };
		F7ED863C129D8A8F00CBD5F5 /* RoseNewRed.png */ = {isa = PBXFileReference; lastKnownFileType = image.png; path = RoseNewRed.png; sourceTree = "<group>"; };
		F7ED863E129D8B8500CBD5F5 /* RoseKnockout.png */ = {isa = PBXFileReference; lastKnownFileType = image.png; path = RoseKnockout.png; sourceTree = "<group>"; };
/* End PBXFileReference section */

/* Begin PBXFrameworksBuildPhase section */
		1D60588F0D05DD3D006BFB54 /* Frameworks */ = {
			isa = PBXFrameworksBuildPhase;
			buildActionMask = 2147483647;
			files = (
				F74117A1129DBF4300A61436 /* CoreGraphics.framework in Frameworks */,
				F74117A3129DBF4300A61436 /* Foundation.framework in Frameworks */,
				F74117A5129DBF4300A61436 /* UIKit.framework in Frameworks */,
			);
			runOnlyForDeploymentPostprocessing = 0;
		};
		F7ED8610129D86F500CBD5F5 /* Frameworks */ = {
			isa = PBXFrameworksBuildPhase;
			buildActionMask = 2147483647;
			files = (
			);
			runOnlyForDeploymentPostprocessing = 0;
		};
/* End PBXFrameworksBuildPhase section */

/* Begin PBXGroup section */
		080E96DDFE201D6D7F000001 /* Classes */ = {
			isa = PBXGroup;
			children = (
				28216C950DB411BC00E5133A /* TimeViewController.h */,
				28216C960DB411BC00E5133A /* TimeViewController.m */,
				1D3623240D0F684500981E51 /* iRoseTimeAppDelegate.h */,
				1D3623250D0F684500981E51 /* iRoseTimeAppDelegate.m */,
				F7ED85FC129D843300CBD5F5 /* RoseTime.h */,
				F7ED85FD129D843300CBD5F5 /* RoseTime.m */,
				F7ED85FE129D843300CBD5F5 /* RTTimeSource.h */,
				F7ED85FF129D843300CBD5F5 /* RTTimeSource.m */,
				F7ED8600129D843300CBD5F5 /* RoseTimeTests.h */,
				F7ED8601129D843300CBD5F5 /* RoseTimeTests.m */,
				F71A7322129F2B3000611CA5 /* SettingsViewController.h */,
				F71A7323129F2B3000611CA5 /* SettingsViewController.m */,
				F7189D08149856A200647DCB /* AboutViewController.h */,
				F7189D09149856A200647DCB /* AboutViewController.m */,
			);
			path = Classes;
			sourceTree = "<group>";
		};
		19C28FACFE9D520D11CA2CBB /* Products */ = {
			isa = PBXGroup;
			children = (
				1D6058910D05DD3D006BFB54 /* iRoseTime.app */,
				F7ED8613129D86F500CBD5F5 /* UnitTests.octest */,
			);
			name = Products;
			sourceTree = "<group>";
		};
		29B97314FDCFA39411CA2CEA /* iRoseTime */ = {
			isa = PBXGroup;
			children = (
				080E96DDFE201D6D7F000001 /* Classes */,
				29B97315FDCFA39411CA2CEA /* Other Sources */,
				29B97317FDCFA39411CA2CEA /* Resources */,
				29B97323FDCFA39411CA2CEA /* Frameworks */,
				19C28FACFE9D520D11CA2CBB /* Products */,
				F7ED8614129D86F500CBD5F5 /* UnitTests-Info.plist */,
			);
			name = iRoseTime;
			sourceTree = "<group>";
		};
		29B97315FDCFA39411CA2CEA /* Other Sources */ = {
			isa = PBXGroup;
			children = (
				28A0AB4B0D9B1048005BE974 /* iRoseTime_Prefix.pch */,
				29B97316FDCFA39411CA2CEA /* main.m */,
			);
			name = "Other Sources";
			sourceTree = "<group>";
		};
		29B97317FDCFA39411CA2CEA /* Resources */ = {
			isa = PBXGroup;
			children = (
				F7607CE51343C2C600212965 /* periodRuler_iPhone.png */,
				F7607CE61343C2C600212965 /* timeRuler_iPhone.png */,
				F7E20A13147CC49600488E4F /* reticule_iPhone.png */,
				F7ED863E129D8B8500CBD5F5 /* RoseKnockout.png */,
				F7ED863C129D8A8F00CBD5F5 /* RoseNewRed.png */,
				F7ED85F3129D83CB00CBD5F5 /* Millenium_Flame.jpg */,
				2840D7CD1179279E00D7F93C /* TimeView.xib */,
				282CCBFD0DB6C98000C4EA27 /* SettingsView.xib */,
				28AD73870D9D96C1002E5188 /* MainWindow.xib */,
				F7189D0A149856A200647DCB /* AboutView.xib */,
				8D1107310486CEB800E47090 /* iRoseTime-Info.plist */,
				F7BE055914BD478B00FAAC52 /* InfoTabbarIcon.png */,
			);
			name = Resources;
			sourceTree = "<group>";
		};
		29B97323FDCFA39411CA2CEA /* Frameworks */ = {
			isa = PBXGroup;
			children = (
				F74117A0129DBF4300A61436 /* CoreGraphics.framework */,
				F74117A2129DBF4300A61436 /* Foundation.framework */,
				F74117A4129DBF4300A61436 /* UIKit.framework */,
			);
			name = Frameworks;
			sourceTree = "<group>";
		};
/* End PBXGroup section */

/* Begin PBXNativeTarget section */
		1D6058900D05DD3D006BFB54 /* iRoseTime */ = {
			isa = PBXNativeTarget;
			buildConfigurationList = 1D6058960D05DD3E006BFB54 /* Build configuration list for PBXNativeTarget "iRoseTime" */;
			buildPhases = (
				1D60588D0D05DD3D006BFB54 /* Resources */,
				1D60588E0D05DD3D006BFB54 /* Sources */,
				1D60588F0D05DD3D006BFB54 /* Frameworks */,
			);
			buildRules = (
			);
			dependencies = (
			);
			name = iRoseTime;
			productName = iRoseTime;
			productReference = 1D6058910D05DD3D006BFB54 /* iRoseTime.app */;
			productType = "com.apple.product-type.application";
		};
		F7ED8612129D86F500CBD5F5 /* UnitTests */ = {
			isa = PBXNativeTarget;
			buildConfigurationList = F7ED8617129D86F600CBD5F5 /* Build configuration list for PBXNativeTarget "UnitTests" */;
			buildPhases = (
				F7ED860E129D86F500CBD5F5 /* Resources */,
				F7ED860F129D86F500CBD5F5 /* Sources */,
				F7ED8610129D86F500CBD5F5 /* Frameworks */,
				F7ED8611129D86F500CBD5F5 /* ShellScript */,
			);
			buildRules = (
			);
			dependencies = (
				F7ED8619129D872D00CBD5F5 /* PBXTargetDependency */,
			);
			name = UnitTests;
			productName = UnitTests;
			productReference = F7ED8613129D86F500CBD5F5 /* UnitTests.octest */;
			productType = "com.apple.product-type.bundle";
		};
/* End PBXNativeTarget section */

/* Begin PBXProject section */
		29B97313FDCFA39411CA2CEA /* Project object */ = {
			isa = PBXProject;
			attributes = {
				LastUpgradeCheck = 0420;
			};
			buildConfigurationList = C01FCF4E08A954540054247B /* Build configuration list for PBXProject "iRoseTime" */;
			compatibilityVersion = "Xcode 3.2";
			developmentRegion = English;
			hasScannedForEncodings = 1;
			knownRegions = (
				English,
				Japanese,
				French,
				German,
			);
			mainGroup = 29B97314FDCFA39411CA2CEA /* iRoseTime */;
			projectDirPath = "";
			projectRoot = "";
			targets = (
				1D6058900D05DD3D006BFB54 /* iRoseTime */,
				F7ED8612129D86F500CBD5F5 /* UnitTests */,
			);
		};
/* End PBXProject section */

/* Begin PBXResourcesBuildPhase section */
		1D60588D0D05DD3D006BFB54 /* Resources */ = {
			isa = PBXResourcesBuildPhase;
			buildActionMask = 2147483647;
			files = (
				28AD73880D9D96C1002E5188 /* MainWindow.xib in Resources */,
				282CCBFE0DB6C98000C4EA27 /* SettingsView.xib in Resources */,
				2840D7CE1179279E00D7F93C /* TimeView.xib in Resources */,
				F7ED85F7129D83CB00CBD5F5 /* Millenium_Flame.jpg in Resources */,
				F7ED863D129D8A8F00CBD5F5 /* RoseNewRed.png in Resources */,
				F7ED863F129D8B8500CBD5F5 /* RoseKnockout.png in Resources */,
				F7607CE71343C2C600212965 /* periodRuler_iPhone.png in Resources */,
				F7607CE81343C2C600212965 /* timeRuler_iPhone.png in Resources */,
				F7E20A14147CC49600488E4F /* reticule_iPhone.png in Resources */,
				F7189D0C149856A200647DCB /* AboutView.xib in Resources */,
				F7BE055A14BD478B00FAAC52 /* InfoTabbarIcon.png in Resources */,
			);
			runOnlyForDeploymentPostprocessing = 0;
		};
		F7ED860E129D86F500CBD5F5 /* Resources */ = {
			isa = PBXResourcesBuildPhase;
			buildActionMask = 2147483647;
			files = (
			);
			runOnlyForDeploymentPostprocessing = 0;
		};
/* End PBXResourcesBuildPhase section */

/* Begin PBXShellScriptBuildPhase section */
		F7ED8611129D86F500CBD5F5 /* ShellScript */ = {
			isa = PBXShellScriptBuildPhase;
			buildActionMask = 2147483647;
			files = (
			);
			inputPaths = (
			);
			outputPaths = (
			);
			runOnlyForDeploymentPostprocessing = 0;
			shellPath = /bin/sh;
			shellScript = "# Run the unit tests in this test bundle.\n\"${SYSTEM_DEVELOPER_DIR}/Tools/RunUnitTests\"\n";
		};
/* End PBXShellScriptBuildPhase section */

/* Begin PBXSourcesBuildPhase section */
		1D60588E0D05DD3D006BFB54 /* Sources */ = {
			isa = PBXSourcesBuildPhase;
			buildActionMask = 2147483647;
			files = (
				1D60589B0D05DD56006BFB54 /* main.m in Sources */,
				1D3623260D0F684500981E51 /* iRoseTimeAppDelegate.m in Sources */,
				28216C970DB411BC00E5133A /* TimeViewController.m in Sources */,
				F7ED8602129D843300CBD5F5 /* RoseTime.m in Sources */,
				F7ED8603129D843300CBD5F5 /* RTTimeSource.m in Sources */,
				F71A7324129F2B3000611CA5 /* SettingsViewController.m in Sources */,
				F7189D0B149856A200647DCB /* AboutViewController.m in Sources */,
			);
			runOnlyForDeploymentPostprocessing = 0;
		};
		F7ED860F129D86F500CBD5F5 /* Sources */ = {
			isa = PBXSourcesBuildPhase;
			buildActionMask = 2147483647;
			files = (
				F7ED861A129D876D00CBD5F5 /* RoseTime.m in Sources */,
				F7ED861B129D876E00CBD5F5 /* RoseTimeTests.m in Sources */,
				F7ED861C129D876F00CBD5F5 /* RTTimeSource.m in Sources */,
			);
			runOnlyForDeploymentPostprocessing = 0;
		};
/* End PBXSourcesBuildPhase section */

/* Begin PBXTargetDependency section */
		F7ED8619129D872D00CBD5F5 /* PBXTargetDependency */ = {
			isa = PBXTargetDependency;
			target = 1D6058900D05DD3D006BFB54 /* iRoseTime */;
			targetProxy = F7ED8618129D872D00CBD5F5 /* PBXContainerItemProxy */;
		};
/* End PBXTargetDependency section */

/* Begin XCBuildConfiguration section */
		1D6058940D05DD3E006BFB54 /* Debug */ = {
			isa = XCBuildConfiguration;
			buildSettings = {
				ALWAYS_SEARCH_USER_PATHS = NO;
				COPY_PHASE_STRIP = NO;
				GCC_DYNAMIC_NO_PIC = NO;
				GCC_OPTIMIZATION_LEVEL = 0;
				GCC_PRECOMPILE_PREFIX_HEADER = YES;
				GCC_PREFIX_HEADER = iRoseTime_Prefix.pch;
				INFOPLIST_FILE = "iRoseTime-Info.plist";
				PRODUCT_NAME = iRoseTime;
				SDKROOT = iphoneos;
			};
			name = Debug;
		};
		1D6058950D05DD3E006BFB54 /* Release */ = {
			isa = XCBuildConfiguration;
			buildSettings = {
				ALWAYS_SEARCH_USER_PATHS = NO;
				COPY_PHASE_STRIP = YES;
				GCC_PRECOMPILE_PREFIX_HEADER = YES;
				GCC_PREFIX_HEADER = iRoseTime_Prefix.pch;
				INFOPLIST_FILE = "iRoseTime-Info.plist";
				PRODUCT_NAME = iRoseTime;
				SDKROOT = iphoneos;
				VALIDATE_PRODUCT = YES;
			};
			name = Release;
		};
		C01FCF4F08A954540054247B /* Debug */ = {
			isa = XCBuildConfiguration;
			buildSettings = {
				ARCHS = "$(ARCHS_STANDARD_32_BIT)";
				"CODE_SIGN_IDENTITY[sdk=iphoneos*]" = "iPhone Developer";
				GCC_C_LANGUAGE_STANDARD = c99;
				GCC_WARN_ABOUT_MISSING_PROTOTYPES = YES;
				GCC_WARN_ABOUT_RETURN_TYPE = YES;
				GCC_WARN_UNUSED_VARIABLE = YES;
				SDKROOT = iphoneos;
			};
			name = Debug;
		};
		C01FCF5008A954540054247B /* Release */ = {
			isa = XCBuildConfiguration;
			buildSettings = {
				ARCHS = "$(ARCHS_STANDARD_32_BIT)";
				"CODE_SIGN_IDENTITY[sdk=iphoneos*]" = "iPhone Developer";
				GCC_C_LANGUAGE_STANDARD = c99;
				GCC_WARN_ABOUT_MISSING_PROTOTYPES = YES;
				GCC_WARN_ABOUT_RETURN_TYPE = YES;
				GCC_WARN_UNUSED_VARIABLE = YES;
				OTHER_CFLAGS = "-DNS_BLOCK_ASSERTIONS=1";
				SDKROOT = iphoneos;
			};
			name = Release;
		};
		F7ED8615129D86F600CBD5F5 /* Debug */ = {
			isa = XCBuildConfiguration;
			buildSettings = {
				ALWAYS_SEARCH_USER_PATHS = NO;
				"CODE_SIGN_IDENTITY[sdk=iphoneos*]" = "";
				COPY_PHASE_STRIP = NO;
				FRAMEWORK_SEARCH_PATHS = (
					"\"$(SDKROOT)/Developer/Library/Frameworks\"",
					"\"$(DEVELOPER_LIBRARY_DIR)/Frameworks\"",
				);
				GCC_DYNAMIC_NO_PIC = NO;
				GCC_ENABLE_OBJC_EXCEPTIONS = YES;
				GCC_OPTIMIZATION_LEVEL = 0;
				INFOPLIST_FILE = "UnitTests-Info.plist";
				OTHER_LDFLAGS = (
					"-framework",
					Foundation,
					"-framework",
					SenTestingKit,
					"-framework",
					UIKit,
				);
				PRODUCT_NAME = UnitTests;
				SDKROOT = iphoneos;
				WRAPPER_EXTENSION = octest;
			};
			name = Debug;
		};
		F7ED8616129D86F600CBD5F5 /* Release */ = {
			isa = XCBuildConfiguration;
			buildSettings = {
				ALWAYS_SEARCH_USER_PATHS = NO;
				"CODE_SIGN_IDENTITY[sdk=iphoneos*]" = "";
				COPY_PHASE_STRIP = YES;
				DEBUG_INFORMATION_FORMAT = "dwarf-with-dsym";
				FRAMEWORK_SEARCH_PATHS = (
					"\"$(SDKROOT)/Developer/Library/Frameworks\"",
					"\"$(DEVELOPER_LIBRARY_DIR)/Frameworks\"",
				);
				GCC_ENABLE_OBJC_EXCEPTIONS = YES;
				INFOPLIST_FILE = "UnitTests-Info.plist";
				OTHER_LDFLAGS = (
					"-framework",
					Foundation,
					"-framework",
					SenTestingKit,
					"-framework",
					UIKit,
				);
				PRODUCT_NAME = UnitTests;
				SDKROOT = iphoneos;
				WRAPPER_EXTENSION = octest;
				ZERO_LINK = NO;
			};
			name = Release;
		};
/* End XCBuildConfiguration section */

/* Begin XCConfigurationList section */
		1D6058960D05DD3E006BFB54 /* Build configuration list for PBXNativeTarget "iRoseTime" */ = {
			isa = XCConfigurationList;
			buildConfigurations = (
				1D6058940D05DD3E006BFB54 /* Debug */,
				1D6058950D05DD3E006BFB54 /* Release */,
			);
			defaultConfigurationIsVisible = 0;
			defaultConfigurationName = Release;
		};
		C01FCF4E08A954540054247B /* Build configuration list for PBXProject "iRoseTime" */ = {
			isa = XCConfigurationList;
			buildConfigurations = (
				C01FCF4F08A954540054247B /* Debug */,
				C01FCF5008A954540054247B /* Release */,
			);
			defaultConfigurationIsVisible = 0;
			defaultConfigurationName = Release;
		};
		F7ED8617129D86F600CBD5F5 /* Build configuration list for PBXNativeTarget "UnitTests" */ = {
			isa = XCConfigurationList;
			buildConfigurations = (
				F7ED8615129D86F600CBD5F5 /* Debug */,
				F7ED8616129D86F600CBD5F5 /* Release */,
			);
			defaultConfigurationIsVisible = 0;
			defaultConfigurationName = Release;
		};
/* End XCConfigurationList section */
	};
	rootObject = 29B97313FDCFA39411CA2CEA /* Project object */;
}
